
Microsoft Visual Studio Solution File, Format Version 12.00
# Visual Studio Version 17
VisualStudioVersion = 17.6.33801.468
MinimumVisualStudioVersion = 10.0.40219.1
Project("{9A19103F-16F7-4668-BE54-9A1E7A4F7556}") = "LearningBot.Shared", "LearningBot.Shared\LearningBot.Shared.csproj", "{6251FB18-FFB3-4AE7-A227-E67306FB3187}"
EndProject
Project("{9A19103F-16F7-4668-BE54-9A1E7A4F7556}") = "LearningBot.DataAccess", "LearningBot.DataAccess\LearningBot.DataAccess.csproj", "{F684D985-847E-408F-AFC8-AD3DDBBE5D27}"
EndProject
Project("{9A19103F-16F7-4668-BE54-9A1E7A4F7556}") = "LearningBot.Logic", "LearningBot.Logic\LearningBot.Logic.csproj", "{A3BB7875-B8EC-42DB-A157-008394DB4312}"
EndProject
Project("{9A19103F-16F7-4668-BE54-9A1E7A4F7556}") = "LearningBot.Bot", "LearningBot.Bot\LearningBot.Bot.csproj", "{1859353E-F6A6-4D50-A114-B5AE9FAADA49}"
EndProject
Project("{9A19103F-16F7-4668-BE54-9A1E7A4F7556}") = "LearningBot.ApiClient", "LearningBot.ApiClient\LearningBot.ApiClient.csproj", "{29C3F87B-DA2E-4010-9F6E-67D4D293152B}"
EndProject
Project("{FAE04EC0-301F-11D3-BF4B-00C04F79EFBC}") = "LearningBot.Api", "LearningBot.Api\LearningBot.Api.csproj", "{B2C202BA-DEC0-4552-BBFD-CAED7511CDF4}"
EndProject
Global
	GlobalSection(SolutionConfigurationPlatforms) = preSolution
		Debug|Any CPU = Debug|Any CPU
		Release|Any CPU = Release|Any CPU
	EndGlobalSection
	GlobalSection(ProjectConfigurationPlatforms) = postSolution
		{6251FB18-FFB3-4AE7-A227-E67306FB3187}.Debug|Any CPU.ActiveCfg = Debug|Any CPU
		{6251FB18-FFB3-4AE7-A227-E67306FB3187}.Debug|Any CPU.Build.0 = Debug|Any CPU
		{6251FB18-FFB3-4AE7-A227-E67306FB3187}.Release|Any CPU.ActiveCfg = Release|Any CPU
		{6251FB18-FFB3-4AE7-A227-E67306FB3187}.Release|Any CPU.Build.0 = Release|Any CPU
		{F684D985-847E-408F-AFC8-AD3DDBBE5D27}.Debug|Any CPU.ActiveCfg = Debug|Any CPU
		{F684D985-847E-408F-AFC8-AD3DDBBE5D27}.Debug|Any CPU.Build.0 = Debug|Any CPU
		{F684D985-847E-408F-AFC8-AD3DDBBE5D27}.Release|Any CPU.ActiveCfg = Release|Any CPU
		{F684D985-847E-408F-AFC8-AD3DDBBE5D27}.Release|Any CPU.Build.0 = Release|Any CPU
		{A3BB7875-B8EC-42DB-A157-008394DB4312}.Debug|Any CPU.ActiveCfg = Debug|Any CPU
		{A3BB7875-B8EC-42DB-A157-008394DB4312}.Debug|Any CPU.Build.0 = Debug|Any CPU
		{A3BB7875-B8EC-42DB-A157-008394DB4312}.Release|Any CPU.ActiveCfg = Release|Any CPU
		{A3BB7875-B8EC-42DB-A157-008394DB4312}.Release|Any CPU.Build.0 = Release|Any CPU
		{1859353E-F6A6-4D50-A114-B5AE9FAADA49}.Debug|Any CPU.ActiveCfg = Debug|Any CPU
		{1859353E-F6A6-4D50-A114-B5AE9FAADA49}.Debug|Any CPU.Build.0 = Debug|Any CPU
		{1859353E-F6A6-4D50-A114-B5AE9FAADA49}.Release|Any CPU.ActiveCfg = Release|Any CPU
		{1859353E-F6A6-4D50-A114-B5AE9FAADA49}.Release|Any CPU.Build.0 = Release|Any CPU
		{29C3F87B-DA2E-4010-9F6E-67D4D293152B}.Debug|Any CPU.ActiveCfg = Debug|Any CPU
		{29C3F87B-DA2E-4010-9F6E-67D4D293152B}.Debug|Any CPU.Build.0 = Debug|Any CPU
		{29C3F87B-DA2E-4010-9F6E-67D4D293152B}.Release|Any CPU.ActiveCfg = Release|Any CPU
		{29C3F87B-DA2E-4010-9F6E-67D4D293152B}.Release|Any CPU.Build.0 = Release|Any CPU
		{B2C202BA-DEC0-4552-BBFD-CAED7511CDF4}.Debug|Any CPU.ActiveCfg = Debug|Any CPU
		{B2C202BA-DEC0-4552-BBFD-CAED7511CDF4}.Debug|Any CPU.Build.0 = Debug|Any CPU
		{B2C202BA-DEC0-4552-BBFD-CAED7511CDF4}.Release|Any CPU.ActiveCfg = Release|Any CPU
		{B2C202BA-DEC0-4552-BBFD-CAED7511CDF4}.Release|Any CPU.Build.0 = Release|Any CPU
	EndGlobalSection
	GlobalSection(SolutionProperties) = preSolution
		HideSolutionNode = FALSE
	EndGlobalSection
	GlobalSection(ExtensibilityGlobals) = postSolution
		SolutionGuid = {1A6FBF5C-B842-4505-89B6-F8107A8F90C4}
	EndGlobalSection
EndGlobal
